
Microsoft Visual Studio Solution File, Format Version 12.00
# Visual Studio 15
Project("{FAE04EC0-301F-11D3-BF4B-00C04F79EFBC}") = "Assembly-CSharp", "Assembly-CSharp.csproj", "{1EA683EF-B2DE-C23C-314C-D8FD2D7C898C}"
EndProject
Project("{FAE04EC0-301F-11D3-BF4B-00C04F79EFBC}") = "Unity.XR.Interaction.Toolkit.Samples.StarterAssets", "Unity.XR.Interaction.Toolkit.Samples.StarterAssets.csproj", "{508D478D-FB31-EA00-6805-D96DDA969B6F}"
EndProject
Project("{FAE04EC0-301F-11D3-BF4B-00C04F79EFBC}") = "Unity.XR.Interaction.Toolkit.Samples.StarterAssets.Editor", "Unity.XR.Interaction.Toolkit.Samples.StarterAssets.Editor.csproj", "{1AF1C89B-E447-ACAD-6C08-50CB060A09E5}"
EndProject
Global
	GlobalSection(SolutionConfigurationPlatforms) = preSolution
		Debug|Any CPU = Debug|Any CPU
		Release|Any CPU = Release|Any CPU
	EndGlobalSection
	GlobalSection(ProjectConfigurationPlatforms) = postSolution
		{1EA683EF-B2DE-C23C-314C-D8FD2D7C898C}.Debug|Any CPU.ActiveCfg = Debug|Any CPU
		{1EA683EF-B2DE-C23C-314C-D8FD2D7C898C}.Debug|Any CPU.Build.0 = Debug|Any CPU
		{1EA683EF-B2DE-C23C-314C-D8FD2D7C898C}.Release|Any CPU.ActiveCfg = Release|Any CPU
		{1EA683EF-B2DE-C23C-314C-D8FD2D7C898C}.Release|Any CPU.Build.0 = Release|Any CPU
		{508D478D-FB31-EA00-6805-D96DDA969B6F}.Debug|Any CPU.ActiveCfg = Debug|Any CPU
		{508D478D-FB31-EA00-6805-D96DDA969B6F}.Debug|Any CPU.Build.0 = Debug|Any CPU
		{508D478D-FB31-EA00-6805-D96DDA969B6F}.Release|Any CPU.ActiveCfg = Release|Any CPU
		{508D478D-FB31-EA00-6805-D96DDA969B6F}.Release|Any CPU.Build.0 = Release|Any CPU
		{1AF1C89B-E447-ACAD-6C08-50CB060A09E5}.Debug|Any CPU.ActiveCfg = Debug|Any CPU
		{1AF1C89B-E447-ACAD-6C08-50CB060A09E5}.Debug|Any CPU.Build.0 = Debug|Any CPU
		{1AF1C89B-E447-ACAD-6C08-50CB060A09E5}.Release|Any CPU.ActiveCfg = Release|Any CPU
		{1AF1C89B-E447-ACAD-6C08-50CB060A09E5}.Release|Any CPU.Build.0 = Release|Any CPU
	EndGlobalSection
	GlobalSection(SolutionProperties) = preSolution
		HideSolutionNode = FALSE
	EndGlobalSection
EndGlobal
